
Microsoft Visual Studio Solution File, Format Version 12.00
# Visual Studio Version 17
VisualStudioVersion = 17.7.34202.233
MinimumVisualStudioVersion = 10.0.40219.1
Project("{FAE04EC0-301F-11D3-BF4B-00C04F79EFBC}") = "Ex3BinaryFiles", "Ex3BinaryFiles\Ex3BinaryFiles.csproj", "{563E7AA4-A3A0-49C2-A140-57D244F5EFAF}"
EndProject
Global
	GlobalSection(SolutionConfigurationPlatforms) = preSolution
		Debug|Any CPU = Debug|Any CPU
		Release|Any CPU = Release|Any CPU
	EndGlobalSection
	GlobalSection(ProjectConfigurationPlatforms) = postSolution
		{563E7AA4-A3A0-49C2-A140-57D244F5EFAF}.Debug|Any CPU.ActiveCfg = Debug|Any CPU
		{563E7AA4-A3A0-49C2-A140-57D244F5EFAF}.Debug|Any CPU.Build.0 = Debug|Any CPU
		{563E7AA4-A3A0-49C2-A140-57D244F5EFAF}.Release|Any CPU.ActiveCfg = Release|Any CPU
		{563E7AA4-A3A0-49C2-A140-57D244F5EFAF}.Release|Any CPU.Build.0 = Release|Any CPU
	EndGlobalSection
	GlobalSection(SolutionProperties) = preSolution
		HideSolutionNode = FALSE
	EndGlobalSection
	GlobalSection(ExtensibilityGlobals) = postSolution
		SolutionGuid = {534AC9CA-9E69-44A7-B5A3-55B3F4B0C98A}
	EndGlobalSection
EndGlobal
